// !$*UTF8*$!
{
	archiveVersion = 1;
	classes = {
	};
	objectVersion = 46;
	objects = {

/* Begin PBXBuildFile section */
		F11737311DFDD67400C0777A /* ItemList.xib in Resources */ = {isa = PBXBuildFile; fileRef = F11737301DFDD67400C0777A /* ItemList.xib */; };
		F11737331DFDDDA100C0777A /* RenderAction.swift in Sources */ = {isa = PBXBuildFile; fileRef = F11737321DFDDDA100C0777A /* RenderAction.swift */; };
		F12B9C101DFC829B000EFE4E /* Default-568h@2x.png in Resources */ = {isa = PBXBuildFile; fileRef = F12B9C0F1DFC829B000EFE4E /* Default-568h@2x.png */; };
		F1A38F8D1DFD929100D3730E /* Main.swift in Sources */ = {isa = PBXBuildFile; fileRef = F1A38F8C1DFD929100D3730E /* Main.swift */; };
		F1A38F8F1DFDA32100D3730E /* Action.swift in Sources */ = {isa = PBXBuildFile; fileRef = F1A38F8E1DFDA32100D3730E /* Action.swift */; };
		F1A38F911DFDA34E00D3730E /* StockHttpClient.swift in Sources */ = {isa = PBXBuildFile; fileRef = F1A38F901DFDA34E00D3730E /* StockHttpClient.swift */; };
		F1A38F931DFDA38600D3730E /* Json.swift in Sources */ = {isa = PBXBuildFile; fileRef = F1A38F921DFDA38600D3730E /* Json.swift */; };
		F1A38F951DFDA3B900D3730E /* HttpClient.swift in Sources */ = {isa = PBXBuildFile; fileRef = F1A38F941DFDA3B900D3730E /* HttpClient.swift */; };
		F1A38F971DFDA48200D3730E /* DslInterpreter.swift in Sources */ = {isa = PBXBuildFile; fileRef = F1A38F961DFDA48200D3730E /* DslInterpreter.swift */; };
		F1A38F991DFDAA8400D3730E /* Dictionary+Merge.swift in Sources */ = {isa = PBXBuildFile; fileRef = F1A38F981DFDAA8400D3730E /* Dictionary+Merge.swift */; };
		F1A38F9B1DFDAB0C00D3730E /* ForEachAction.swift in Sources */ = {isa = PBXBuildFile; fileRef = F1A38F9A1DFDAB0C00D3730E /* ForEachAction.swift */; };
		F1A38F9D1DFDB13900D3730E /* LogAction.swift in Sources */ = {isa = PBXBuildFile; fileRef = F1A38F9C1DFDB13900D3730E /* LogAction.swift */; };
		F1B164881DFD700F0060E306 /* RequestActionTests.swift in Sources */ = {isa = PBXBuildFile; fileRef = F1B164871DFD700F0060E306 /* RequestActionTests.swift */; };
		F1B1648A1DFD70D00060E306 /* RequestAction.swift in Sources */ = {isa = PBXBuildFile; fileRef = F1B164891DFD70D00060E306 /* RequestAction.swift */; };
		F1E121481DFC6F20008AD048 /* AppDelegate.swift in Sources */ = {isa = PBXBuildFile; fileRef = F1E121471DFC6F20008AD048 /* AppDelegate.swift */; };
		F1E1214A1DFC6F20008AD048 /* ViewController.swift in Sources */ = {isa = PBXBuildFile; fileRef = F1E121491DFC6F20008AD048 /* ViewController.swift */; };
		F1E1214F1DFC6F20008AD048 /* Assets.xcassets in Resources */ = {isa = PBXBuildFile; fileRef = F1E1214E1DFC6F20008AD048 /* Assets.xcassets */; };
		F1E121681DFC70C9008AD048 /* MessageBusTests.swift in Sources */ = {isa = PBXBuildFile; fileRef = F1E121671DFC70C9008AD048 /* MessageBusTests.swift */; };
		F1E1216A1DFC716A008AD048 /* MessageBus.swift in Sources */ = {isa = PBXBuildFile; fileRef = F1E121691DFC716A008AD048 /* MessageBus.swift */; };
/* End PBXBuildFile section */

/* Begin PBXContainerItemProxy section */
		F1E121591DFC6F20008AD048 /* PBXContainerItemProxy */ = {
			isa = PBXContainerItemProxy;
			containerPortal = F1E1213C1DFC6F20008AD048 /* Project object */;
			proxyType = 1;
			remoteGlobalIDString = F1E121431DFC6F20008AD048;
			remoteInfo = LikeyLikes;
		};
/* End PBXContainerItemProxy section */

/* Begin PBXFileReference section */
		F11737301DFDD67400C0777A /* ItemList.xib */ = {isa = PBXFileReference; fileEncoding = 4; lastKnownFileType = file.xib; path = ItemList.xib; sourceTree = "<group>"; };
		F11737321DFDDDA100C0777A /* RenderAction.swift */ = {isa = PBXFileReference; fileEncoding = 4; lastKnownFileType = sourcecode.swift; path = RenderAction.swift; sourceTree = "<group>"; };
		F12B9C0F1DFC829B000EFE4E /* Default-568h@2x.png */ = {isa = PBXFileReference; lastKnownFileType = image.png; path = "Default-568h@2x.png"; sourceTree = "<group>"; };
		F1A38F8C1DFD929100D3730E /* Main.swift */ = {isa = PBXFileReference; fileEncoding = 4; lastKnownFileType = sourcecode.swift; path = Main.swift; sourceTree = "<group>"; };
		F1A38F8E1DFDA32100D3730E /* Action.swift */ = {isa = PBXFileReference; fileEncoding = 4; lastKnownFileType = sourcecode.swift; path = Action.swift; sourceTree = "<group>"; };
		F1A38F901DFDA34E00D3730E /* StockHttpClient.swift */ = {isa = PBXFileReference; fileEncoding = 4; lastKnownFileType = sourcecode.swift; path = StockHttpClient.swift; sourceTree = "<group>"; };
		F1A38F921DFDA38600D3730E /* Json.swift */ = {isa = PBXFileReference; fileEncoding = 4; lastKnownFileType = sourcecode.swift; path = Json.swift; sourceTree = "<group>"; };
		F1A38F941DFDA3B900D3730E /* HttpClient.swift */ = {isa = PBXFileReference; fileEncoding = 4; lastKnownFileType = sourcecode.swift; path = HttpClient.swift; sourceTree = "<group>"; };
		F1A38F961DFDA48200D3730E /* DslInterpreter.swift */ = {isa = PBXFileReference; fileEncoding = 4; lastKnownFileType = sourcecode.swift; path = DslInterpreter.swift; sourceTree = "<group>"; };
		F1A38F981DFDAA8400D3730E /* Dictionary+Merge.swift */ = {isa = PBXFileReference; fileEncoding = 4; lastKnownFileType = sourcecode.swift; path = "Dictionary+Merge.swift"; sourceTree = "<group>"; };
		F1A38F9A1DFDAB0C00D3730E /* ForEachAction.swift */ = {isa = PBXFileReference; fileEncoding = 4; lastKnownFileType = sourcecode.swift; path = ForEachAction.swift; sourceTree = "<group>"; };
		F1A38F9C1DFDB13900D3730E /* LogAction.swift */ = {isa = PBXFileReference; fileEncoding = 4; lastKnownFileType = sourcecode.swift; path = LogAction.swift; sourceTree = "<group>"; };
		F1B164871DFD700F0060E306 /* RequestActionTests.swift */ = {isa = PBXFileReference; fileEncoding = 4; lastKnownFileType = sourcecode.swift; path = RequestActionTests.swift; sourceTree = "<group>"; };
		F1B164891DFD70D00060E306 /* RequestAction.swift */ = {isa = PBXFileReference; fileEncoding = 4; lastKnownFileType = sourcecode.swift; path = RequestAction.swift; sourceTree = "<group>"; };
		F1E121441DFC6F20008AD048 /* LikeyLikes.app */ = {isa = PBXFileReference; explicitFileType = wrapper.application; includeInIndex = 0; path = LikeyLikes.app; sourceTree = BUILT_PRODUCTS_DIR; };
		F1E121471DFC6F20008AD048 /* AppDelegate.swift */ = {isa = PBXFileReference; lastKnownFileType = sourcecode.swift; path = AppDelegate.swift; sourceTree = "<group>"; };
		F1E121491DFC6F20008AD048 /* ViewController.swift */ = {isa = PBXFileReference; lastKnownFileType = sourcecode.swift; path = ViewController.swift; sourceTree = "<group>"; };
		F1E1214E1DFC6F20008AD048 /* Assets.xcassets */ = {isa = PBXFileReference; lastKnownFileType = folder.assetcatalog; path = Assets.xcassets; sourceTree = "<group>"; };
		F1E121531DFC6F20008AD048 /* Info.plist */ = {isa = PBXFileReference; lastKnownFileType = text.plist.xml; path = Info.plist; sourceTree = "<group>"; };
		F1E121581DFC6F20008AD048 /* LikeyLikesTests.xctest */ = {isa = PBXFileReference; explicitFileType = wrapper.cfbundle; includeInIndex = 0; path = LikeyLikesTests.xctest; sourceTree = BUILT_PRODUCTS_DIR; };
		F1E1215E1DFC6F20008AD048 /* Info.plist */ = {isa = PBXFileReference; lastKnownFileType = text.plist.xml; path = Info.plist; sourceTree = "<group>"; };
		F1E121671DFC70C9008AD048 /* MessageBusTests.swift */ = {isa = PBXFileReference; fileEncoding = 4; lastKnownFileType = sourcecode.swift; path = MessageBusTests.swift; sourceTree = "<group>"; };
		F1E121691DFC716A008AD048 /* MessageBus.swift */ = {isa = PBXFileReference; fileEncoding = 4; lastKnownFileType = sourcecode.swift; path = MessageBus.swift; sourceTree = "<group>"; };
/* End PBXFileReference section */

/* Begin PBXFrameworksBuildPhase section */
		F1E121411DFC6F20008AD048 /* Frameworks */ = {
			isa = PBXFrameworksBuildPhase;
			buildActionMask = 2147483647;
			files = (
			);
			runOnlyForDeploymentPostprocessing = 0;
		};
		F1E121551DFC6F20008AD048 /* Frameworks */ = {
			isa = PBXFrameworksBuildPhase;
			buildActionMask = 2147483647;
			files = (
			);
			runOnlyForDeploymentPostprocessing = 0;
		};
/* End PBXFrameworksBuildPhase section */

/* Begin PBXGroup section */
		F1E1213B1DFC6F20008AD048 = {
			isa = PBXGroup;
			children = (
				F12B9C0F1DFC829B000EFE4E /* Default-568h@2x.png */,
				F1E121461DFC6F20008AD048 /* LikeyLikes */,
				F1E1215B1DFC6F20008AD048 /* LikeyLikesTests */,
				F1E121451DFC6F20008AD048 /* Products */,
			);
			sourceTree = "<group>";
		};
		F1E121451DFC6F20008AD048 /* Products */ = {
			isa = PBXGroup;
			children = (
				F1E121441DFC6F20008AD048 /* LikeyLikes.app */,
				F1E121581DFC6F20008AD048 /* LikeyLikesTests.xctest */,
			);
			name = Products;
			sourceTree = "<group>";
		};
		F1E121461DFC6F20008AD048 /* LikeyLikes */ = {
			isa = PBXGroup;
			children = (
				F1E121471DFC6F20008AD048 /* AppDelegate.swift */,
				F1E121491DFC6F20008AD048 /* ViewController.swift */,
				F1E1214E1DFC6F20008AD048 /* Assets.xcassets */,
				F1E121531DFC6F20008AD048 /* Info.plist */,
				F1E121691DFC716A008AD048 /* MessageBus.swift */,
				F1B164891DFD70D00060E306 /* RequestAction.swift */,
				F1A38F8C1DFD929100D3730E /* Main.swift */,
				F1A38F8E1DFDA32100D3730E /* Action.swift */,
				F1A38F901DFDA34E00D3730E /* StockHttpClient.swift */,
				F1A38F921DFDA38600D3730E /* Json.swift */,
				F1A38F941DFDA3B900D3730E /* HttpClient.swift */,
				F1A38F961DFDA48200D3730E /* DslInterpreter.swift */,
				F1A38F981DFDAA8400D3730E /* Dictionary+Merge.swift */,
				F1A38F9A1DFDAB0C00D3730E /* ForEachAction.swift */,
				F1A38F9C1DFDB13900D3730E /* LogAction.swift */,
				F11737301DFDD67400C0777A /* ItemList.xib */,
				F11737321DFDDDA100C0777A /* RenderAction.swift */,
			);
			path = LikeyLikes;
			sourceTree = "<group>";
		};
		F1E1215B1DFC6F20008AD048 /* LikeyLikesTests */ = {
			isa = PBXGroup;
			children = (
				F1E1215E1DFC6F20008AD048 /* Info.plist */,
				F1E121671DFC70C9008AD048 /* MessageBusTests.swift */,
				F1B164871DFD700F0060E306 /* RequestActionTests.swift */,
			);
			path = LikeyLikesTests;
			sourceTree = "<group>";
		};
/* End PBXGroup section */

/* Begin PBXNativeTarget section */
		F1E121431DFC6F20008AD048 /* LikeyLikes */ = {
			isa = PBXNativeTarget;
			buildConfigurationList = F1E121611DFC6F20008AD048 /* Build configuration list for PBXNativeTarget "LikeyLikes" */;
			buildPhases = (
				F1E121401DFC6F20008AD048 /* Sources */,
				F1E121411DFC6F20008AD048 /* Frameworks */,
				F1E121421DFC6F20008AD048 /* Resources */,
			);
			buildRules = (
			);
			dependencies = (
			);
			name = LikeyLikes;
			productName = LikeyLikes;
			productReference = F1E121441DFC6F20008AD048 /* LikeyLikes.app */;
			productType = "com.apple.product-type.application";
		};
		F1E121571DFC6F20008AD048 /* LikeyLikesTests */ = {
			isa = PBXNativeTarget;
			buildConfigurationList = F1E121641DFC6F20008AD048 /* Build configuration list for PBXNativeTarget "LikeyLikesTests" */;
			buildPhases = (
				F1E121541DFC6F20008AD048 /* Sources */,
				F1E121551DFC6F20008AD048 /* Frameworks */,
				F1E121561DFC6F20008AD048 /* Resources */,
			);
			buildRules = (
			);
			dependencies = (
				F1E1215A1DFC6F20008AD048 /* PBXTargetDependency */,
			);
			name = LikeyLikesTests;
			productName = LikeyLikesTests;
			productReference = F1E121581DFC6F20008AD048 /* LikeyLikesTests.xctest */;
			productType = "com.apple.product-type.bundle.unit-test";
		};
/* End PBXNativeTarget section */

/* Begin PBXProject section */
		F1E1213C1DFC6F20008AD048 /* Project object */ = {
			isa = PBXProject;
			attributes = {
				LastSwiftUpdateCheck = 0810;
				LastUpgradeCheck = 0810;
				ORGANIZATIONNAME = "TDD Fellow";
				TargetAttributes = {
					F1E121431DFC6F20008AD048 = {
						CreatedOnToolsVersion = 8.1;
						ProvisioningStyle = Automatic;
					};
					F1E121571DFC6F20008AD048 = {
						CreatedOnToolsVersion = 8.1;
						ProvisioningStyle = Automatic;
						TestTargetID = F1E121431DFC6F20008AD048;
					};
				};
			};
			buildConfigurationList = F1E1213F1DFC6F20008AD048 /* Build configuration list for PBXProject "LikeyLikes" */;
			compatibilityVersion = "Xcode 3.2";
			developmentRegion = English;
			hasScannedForEncodings = 0;
			knownRegions = (
				en,
				Base,
			);
			mainGroup = F1E1213B1DFC6F20008AD048;
			productRefGroup = F1E121451DFC6F20008AD048 /* Products */;
			projectDirPath = "";
			projectRoot = "";
			targets = (
				F1E121431DFC6F20008AD048 /* LikeyLikes */,
				F1E121571DFC6F20008AD048 /* LikeyLikesTests */,
			);
		};
/* End PBXProject section */

/* Begin PBXResourcesBuildPhase section */
		F1E121421DFC6F20008AD048 /* Resources */ = {
			isa = PBXResourcesBuildPhase;
			buildActionMask = 2147483647;
			files = (
				F11737311DFDD67400C0777A /* ItemList.xib in Resources */,
				F1E1214F1DFC6F20008AD048 /* Assets.xcassets in Resources */,
				F12B9C101DFC829B000EFE4E /* Default-568h@2x.png in Resources */,
			);
			runOnlyForDeploymentPostprocessing = 0;
		};
		F1E121561DFC6F20008AD048 /* Resources */ = {
			isa = PBXResourcesBuildPhase;
			buildActionMask = 2147483647;
			files = (
			);
			runOnlyForDeploymentPostprocessing = 0;
		};
/* End PBXResourcesBuildPhase section */

/* Begin PBXSourcesBuildPhase section */
		F1E121401DFC6F20008AD048 /* Sources */ = {
			isa = PBXSourcesBuildPhase;
			buildActionMask = 2147483647;
			files = (
				F1A38F991DFDAA8400D3730E /* Dictionary+Merge.swift in Sources */,
				F1A38F8D1DFD929100D3730E /* Main.swift in Sources */,
				F1A38F9D1DFDB13900D3730E /* LogAction.swift in Sources */,
				F1A38F8F1DFDA32100D3730E /* Action.swift in Sources */,
				F1E1216A1DFC716A008AD048 /* MessageBus.swift in Sources */,
				F1A38F911DFDA34E00D3730E /* StockHttpClient.swift in Sources */,
				F1A38F951DFDA3B900D3730E /* HttpClient.swift in Sources */,
				F1B1648A1DFD70D00060E306 /* RequestAction.swift in Sources */,
				F1E1214A1DFC6F20008AD048 /* ViewController.swift in Sources */,
				F11737331DFDDDA100C0777A /* RenderAction.swift in Sources */,
				F1A38F9B1DFDAB0C00D3730E /* ForEachAction.swift in Sources */,
				F1E121481DFC6F20008AD048 /* AppDelegate.swift in Sources */,
				F1A38F971DFDA48200D3730E /* DslInterpreter.swift in Sources */,
				F1A38F931DFDA38600D3730E /* Json.swift in Sources */,
			);
			runOnlyForDeploymentPostprocessing = 0;
		};
		F1E121541DFC6F20008AD048 /* Sources */ = {
			isa = PBXSourcesBuildPhase;
			buildActionMask = 2147483647;
			files = (
				F1E121681DFC70C9008AD048 /* MessageBusTests.swift in Sources */,
				F1B164881DFD700F0060E306 /* RequestActionTests.swift in Sources */,
			);
			runOnlyForDeploymentPostprocessing = 0;
		};
/* End PBXSourcesBuildPhase section */

/* Begin PBXTargetDependency section */
		F1E1215A1DFC6F20008AD048 /* PBXTargetDependency */ = {
			isa = PBXTargetDependency;
			target = F1E121431DFC6F20008AD048 /* LikeyLikes */;
			targetProxy = F1E121591DFC6F20008AD048 /* PBXContainerItemProxy */;
		};
/* End PBXTargetDependency section */

/* Begin XCBuildConfiguration section */
		F1E1215F1DFC6F20008AD048 /* Debug */ = {
			isa = XCBuildConfiguration;
			buildSettings = {
				ALWAYS_SEARCH_USER_PATHS = NO;
				CLANG_ANALYZER_NONNULL = YES;
				CLANG_CXX_LANGUAGE_STANDARD = "gnu++0x";
				CLANG_CXX_LIBRARY = "libc++";
				CLANG_ENABLE_MODULES = YES;
				CLANG_ENABLE_OBJC_ARC = YES;
				CLANG_WARN_BOOL_CONVERSION = YES;
				CLANG_WARN_CONSTANT_CONVERSION = YES;
				CLANG_WARN_DIRECT_OBJC_ISA_USAGE = YES_ERROR;
				CLANG_WARN_DOCUMENTATION_COMMENTS = YES;
				CLANG_WARN_EMPTY_BODY = YES;
				CLANG_WARN_ENUM_CONVERSION = YES;
				CLANG_WARN_INFINITE_RECURSION = YES;
				CLANG_WARN_INT_CONVERSION = YES;
				CLANG_WARN_OBJC_ROOT_CLASS = YES_ERROR;
				CLANG_WARN_SUSPICIOUS_MOVES = YES;
				CLANG_WARN_UNREACHABLE_CODE = YES;
				CLANG_WARN__DUPLICATE_METHOD_MATCH = YES;
				"CODE_SIGN_IDENTITY[sdk=iphoneos*]" = "iPhone Developer";
				COPY_PHASE_STRIP = NO;
				DEBUG_INFORMATION_FORMAT = dwarf;
				ENABLE_STRICT_OBJC_MSGSEND = YES;
				ENABLE_TESTABILITY = YES;
				GCC_C_LANGUAGE_STANDARD = gnu99;
				GCC_DYNAMIC_NO_PIC = NO;
				GCC_NO_COMMON_BLOCKS = YES;
				GCC_OPTIMIZATION_LEVEL = 0;
				GCC_PREPROCESSOR_DEFINITIONS = (
					"DEBUG=1",
					"$(inherited)",
				);
				GCC_WARN_64_TO_32_BIT_CONVERSION = YES;
				GCC_WARN_ABOUT_RETURN_TYPE = YES_ERROR;
				GCC_WARN_UNDECLARED_SELECTOR = YES;
				GCC_WARN_UNINITIALIZED_AUTOS = YES_AGGRESSIVE;
				GCC_WARN_UNUSED_FUNCTION = YES;
				GCC_WARN_UNUSED_VARIABLE = YES;
				IPHONEOS_DEPLOYMENT_TARGET = 10.1;
				MTL_ENABLE_DEBUG_INFO = YES;
				ONLY_ACTIVE_ARCH = YES;
				SDKROOT = iphoneos;
				SWIFT_ACTIVE_COMPILATION_CONDITIONS = DEBUG;
				SWIFT_OPTIMIZATION_LEVEL = "-Onone";
			};
			name = Debug;
		};
		F1E121601DFC6F20008AD048 /* Release */ = {
			isa = XCBuildConfiguration;
			buildSettings = {
				ALWAYS_SEARCH_USER_PATHS = NO;
				CLANG_ANALYZER_NONNULL = YES;
				CLANG_CXX_LANGUAGE_STANDARD = "gnu++0x";
				CLANG_CXX_LIBRARY = "libc++";
				CLANG_ENABLE_MODULES = YES;
				CLANG_ENABLE_OBJC_ARC = YES;
				CLANG_WARN_BOOL_CONVERSION = YES;
				CLANG_WARN_CONSTANT_CONVERSION = YES;
				CLANG_WARN_DIRECT_OBJC_ISA_USAGE = YES_ERROR;
				CLANG_WARN_DOCUMENTATION_COMMENTS = YES;
				CLANG_WARN_EMPTY_BODY = YES;
				CLANG_WARN_ENUM_CONVERSION = YES;
				CLANG_WARN_INFINITE_RECURSION = YES;
				CLANG_WARN_INT_CONVERSION = YES;
				CLANG_WARN_OBJC_ROOT_CLASS = YES_ERROR;
				CLANG_WARN_SUSPICIOUS_MOVES = YES;
				CLANG_WARN_UNREACHABLE_CODE = YES;
				CLANG_WARN__DUPLICATE_METHOD_MATCH = YES;
				"CODE_SIGN_IDENTITY[sdk=iphoneos*]" = "iPhone Developer";
				COPY_PHASE_STRIP = NO;
				DEBUG_INFORMATION_FORMAT = "dwarf-with-dsym";
				ENABLE_NS_ASSERTIONS = NO;
				ENABLE_STRICT_OBJC_MSGSEND = YES;
				GCC_C_LANGUAGE_STANDARD = gnu99;
				GCC_NO_COMMON_BLOCKS = YES;
				GCC_WARN_64_TO_32_BIT_CONVERSION = YES;
				GCC_WARN_ABOUT_RETURN_TYPE = YES_ERROR;
				GCC_WARN_UNDECLARED_SELECTOR = YES;
				GCC_WARN_UNINITIALIZED_AUTOS = YES_AGGRESSIVE;
				GCC_WARN_UNUSED_FUNCTION = YES;
				GCC_WARN_UNUSED_VARIABLE = YES;
				IPHONEOS_DEPLOYMENT_TARGET = 10.1;
				MTL_ENABLE_DEBUG_INFO = NO;
				SDKROOT = iphoneos;
				SWIFT_OPTIMIZATION_LEVEL = "-Owholemodule";
				VALIDATE_PRODUCT = YES;
			};
			name = Release;
		};
		F1E121621DFC6F20008AD048 /* Debug */ = {
			isa = XCBuildConfiguration;
			buildSettings = {
				ASSETCATALOG_COMPILER_APPICON_NAME = AppIcon;
				INFOPLIST_FILE = LikeyLikes/Info.plist;
				LD_RUNPATH_SEARCH_PATHS = "$(inherited) @executable_path/Frameworks";
				PRODUCT_BUNDLE_IDENTIFIER = com.tddfellow.LikeyLikes;
				PRODUCT_NAME = "$(TARGET_NAME)";
				SWIFT_VERSION = 3.0;
			};
			name = Debug;
		};
		F1E121631DFC6F20008AD048 /* Release */ = {
			isa = XCBuildConfiguration;
			buildSettings = {
				ASSETCATALOG_COMPILER_APPICON_NAME = AppIcon;
				INFOPLIST_FILE = LikeyLikes/Info.plist;
				LD_RUNPATH_SEARCH_PATHS = "$(inherited) @executable_path/Frameworks";
				PRODUCT_BUNDLE_IDENTIFIER = com.tddfellow.LikeyLikes;
				PRODUCT_NAME = "$(TARGET_NAME)";
				SWIFT_VERSION = 3.0;
			};
			name = Release;
		};
		F1E121651DFC6F20008AD048 /* Debug */ = {
			isa = XCBuildConfiguration;
			buildSettings = {
				ALWAYS_EMBED_SWIFT_STANDARD_LIBRARIES = YES;
				BUNDLE_LOADER = "$(TEST_HOST)";
				INFOPLIST_FILE = LikeyLikesTests/Info.plist;
				LD_RUNPATH_SEARCH_PATHS = "$(inherited) @executable_path/Frameworks @loader_path/Frameworks";
				PRODUCT_BUNDLE_IDENTIFIER = com.tddfellow.LikeyLikesTests;
				PRODUCT_NAME = "$(TARGET_NAME)";
				SWIFT_VERSION = 3.0;
				TEST_HOST = "$(BUILT_PRODUCTS_DIR)/LikeyLikes.app/LikeyLikes";
			};
			name = Debug;
		};
		F1E121661DFC6F20008AD048 /* Release */ = {
			isa = XCBuildConfiguration;
			buildSettings = {
				ALWAYS_EMBED_SWIFT_STANDARD_LIBRARIES = YES;
				BUNDLE_LOADER = "$(TEST_HOST)";
				INFOPLIST_FILE = LikeyLikesTests/Info.plist;
				LD_RUNPATH_SEARCH_PATHS = "$(inherited) @executable_path/Frameworks @loader_path/Frameworks";
				PRODUCT_BUNDLE_IDENTIFIER = com.tddfellow.LikeyLikesTests;
				PRODUCT_NAME = "$(TARGET_NAME)";
				SWIFT_VERSION = 3.0;
				TEST_HOST = "$(BUILT_PRODUCTS_DIR)/LikeyLikes.app/LikeyLikes";
			};
			name = Release;
		};
/* End XCBuildConfiguration section */

/* Begin XCConfigurationList section */
		F1E1213F1DFC6F20008AD048 /* Build configuration list for PBXProject "LikeyLikes" */ = {
			isa = XCConfigurationList;
			buildConfigurations = (
				F1E1215F1DFC6F20008AD048 /* Debug */,
				F1E121601DFC6F20008AD048 /* Release */,
			);
			defaultConfigurationIsVisible = 0;
			defaultConfigurationName = Release;
		};
		F1E121611DFC6F20008AD048 /* Build configuration list for PBXNativeTarget "LikeyLikes" */ = {
			isa = XCConfigurationList;
			buildConfigurations = (
				F1E121621DFC6F20008AD048 /* Debug */,
				F1E121631DFC6F20008AD048 /* Release */,
			);
			defaultConfigurationIsVisible = 0;
			defaultConfigurationName = Release;
		};
		F1E121641DFC6F20008AD048 /* Build configuration list for PBXNativeTarget "LikeyLikesTests" */ = {
			isa = XCConfigurationList;
			buildConfigurations = (
				F1E121651DFC6F20008AD048 /* Debug */,
				F1E121661DFC6F20008AD048 /* Release */,
			);
			defaultConfigurationIsVisible = 0;
			defaultConfigurationName = Release;
		};
/* End XCConfigurationList section */
	};
	rootObject = F1E1213C1DFC6F20008AD048 /* Project object */;
}
